
Microsoft Visual Studio Solution File, Format Version 12.00
# Visual Studio 2013
VisualStudioVersion = 12.0.31101.0
MinimumVisualStudioVersion = 10.0.40219.1
Project("{F2A71F9B-5D33-465A-A702-920D77279786}") = "CafeApp.Core", "src\CafeApp.Core\CafeApp.Core.fsproj", "{AB0915CE-6317-4509-9AEB-3E0930175A4E}"
EndProject
Project("{F2A71F9B-5D33-465A-A702-920D77279786}") = "CafeApp.Core.Tests", "src\CafeApp.Core.Tests\CafeApp.Core.Tests.fsproj", "{2FB5F24A-0960-41B8-9A94-1BEFE9F5A309}"
EndProject
Global
	GlobalSection(SolutionProperties) = preSolution
		HideSolutionNode = FALSE
	EndGlobalSection
	GlobalSection(ProjectConfigurationPlatforms) = postSolution
		{AB0915CE-6317-4509-9AEB-3E0930175A4E}.Debug|Any CPU.ActiveCfg = Debug|Any CPU
		{AB0915CE-6317-4509-9AEB-3E0930175A4E}.Debug|Any CPU.Build.0 = Debug|Any CPU
		{AB0915CE-6317-4509-9AEB-3E0930175A4E}.Release|Any CPU.ActiveCfg = Release|Any CPU
		{AB0915CE-6317-4509-9AEB-3E0930175A4E}.Release|Any CPU.Build.0 = Release|Any CPU
		{2FB5F24A-0960-41B8-9A94-1BEFE9F5A309}.Debug|Any CPU.ActiveCfg = Debug|Any CPU
		{2FB5F24A-0960-41B8-9A94-1BEFE9F5A309}.Debug|Any CPU.Build.0 = Debug|Any CPU
		{2FB5F24A-0960-41B8-9A94-1BEFE9F5A309}.Release|Any CPU.ActiveCfg = Release|Any CPU
		{2FB5F24A-0960-41B8-9A94-1BEFE9F5A309}.Release|Any CPU.Build.0 = Release|Any CPU
	EndGlobalSection
	GlobalSection(SolutionConfigurationPlatforms) = preSolution
		Debug|Any CPU = Debug|Any CPU
		Release|Any CPU = Release|Any CPU
	EndGlobalSection
EndGlobal
